
Microsoft Visual Studio Solution File, Format Version 12.00
# Visual Studio Version 16
VisualStudioVersion = 16.0.30717.126
MinimumVisualStudioVersion = 10.0.40219.1
Project("{FAE04EC0-301F-11D3-BF4B-00C04F79EFBC}") = "ChatApp", "ChatApp\ChatApp.csproj", "{566596E7-40D2-4FDF-80A2-2373278897CA}"
EndProject
Global
	GlobalSection(SolutionConfigurationPlatforms) = preSolution
		Debug|Any CPU = Debug|Any CPU
		Release|Any CPU = Release|Any CPU
	EndGlobalSection
	GlobalSection(ProjectConfigurationPlatforms) = postSolution
		{566596E7-40D2-4FDF-80A2-2373278897CA}.Debug|Any CPU.ActiveCfg = Debug|Any CPU
		{566596E7-40D2-4FDF-80A2-2373278897CA}.Debug|Any CPU.Build.0 = Debug|Any CPU
		{566596E7-40D2-4FDF-80A2-2373278897CA}.Release|Any CPU.ActiveCfg = Release|Any CPU
		{566596E7-40D2-4FDF-80A2-2373278897CA}.Release|Any CPU.Build.0 = Release|Any CPU
	EndGlobalSection
	GlobalSection(SolutionProperties) = preSolution
		HideSolutionNode = FALSE
	EndGlobalSection
	GlobalSection(ExtensibilityGlobals) = postSolution
		SolutionGuid = {45B887A1-B1AA-4137-94A0-955642173E13}
	EndGlobalSection
EndGlobal
